
Microsoft Visual Studio Solution File, Format Version 12.00
# Visual Studio Version 17
VisualStudioVersion = 17.0.32014.148
MinimumVisualStudioVersion = 10.0.40219.1
Project("{FAE04EC0-301F-11D3-BF4B-00C04F79EFBC}") = "Client", "Test\Client.csproj", "{B91B7A93-2A0B-4E48-BF1F-2BBD8AB5ECFF}"
EndProject
Project("{FAE04EC0-301F-11D3-BF4B-00C04F79EFBC}") = "Server", "Server\Server.csproj", "{67665A45-7F76-42B3-9B9E-477FD4E22A42}"
EndProject
Global
	GlobalSection(SolutionConfigurationPlatforms) = preSolution
		Debug|Any CPU = Debug|Any CPU
		Release|Any CPU = Release|Any CPU
	EndGlobalSection
	GlobalSection(ProjectConfigurationPlatforms) = postSolution
		{B91B7A93-2A0B-4E48-BF1F-2BBD8AB5ECFF}.Debug|Any CPU.ActiveCfg = Debug|Any CPU
		{B91B7A93-2A0B-4E48-BF1F-2BBD8AB5ECFF}.Debug|Any CPU.Build.0 = Debug|Any CPU
		{B91B7A93-2A0B-4E48-BF1F-2BBD8AB5ECFF}.Release|Any CPU.ActiveCfg = Release|Any CPU
		{B91B7A93-2A0B-4E48-BF1F-2BBD8AB5ECFF}.Release|Any CPU.Build.0 = Release|Any CPU
		{67665A45-7F76-42B3-9B9E-477FD4E22A42}.Debug|Any CPU.ActiveCfg = Debug|Any CPU
		{67665A45-7F76-42B3-9B9E-477FD4E22A42}.Debug|Any CPU.Build.0 = Debug|Any CPU
		{67665A45-7F76-42B3-9B9E-477FD4E22A42}.Release|Any CPU.ActiveCfg = Release|Any CPU
		{67665A45-7F76-42B3-9B9E-477FD4E22A42}.Release|Any CPU.Build.0 = Release|Any CPU
	EndGlobalSection
	GlobalSection(SolutionProperties) = preSolution
		HideSolutionNode = FALSE
	EndGlobalSection
	GlobalSection(ExtensibilityGlobals) = postSolution
		SolutionGuid = {A188F1D2-664E-434D-8921-2C80B840E796}
	EndGlobalSection
EndGlobal
